
Microsoft Visual Studio Solution File, Format Version 12.00
# Visual Studio Version 17
VisualStudioVersion = 17.14.36518.9
MinimumVisualStudioVersion = 10.0.40219.1
Project("{FAE04EC0-301F-11D3-BF4B-00C04F79EFBC}") = "ClipperCoffeeCorner", "ClipperCoffeeCorner.csproj", "{41756080-369D-425F-987E-D45882383AA5}"
EndProject
Project("{2150E333-8FDC-42A3-9474-1A3956D46DE8}") = "Solution Items", "Solution Items", "{8EC462FD-D22E-90A8-E5CE-7E832BA40C5D}"
EndProject
Project("{FAE04EC0-301F-11D3-BF4B-00C04F79EFBC}") = "ClipperCoffeeCorner.Tests", "..\ClipperCoffeeCorner.Tests\ClipperCoffeeCorner.Tests.csproj", "{BDFF005D-26B1-4DBB-8AE1-D5E38DB8D494}"
EndProject
Global
	GlobalSection(SolutionConfigurationPlatforms) = preSolution
		Debug|Any CPU = Debug|Any CPU
		Release|Any CPU = Release|Any CPU
	EndGlobalSection
	GlobalSection(ProjectConfigurationPlatforms) = postSolution
		{41756080-369D-425F-987E-D45882383AA5}.Debug|Any CPU.ActiveCfg = Debug|Any CPU
		{41756080-369D-425F-987E-D45882383AA5}.Debug|Any CPU.Build.0 = Debug|Any CPU
		{41756080-369D-425F-987E-D45882383AA5}.Release|Any CPU.ActiveCfg = Release|Any CPU
		{41756080-369D-425F-987E-D45882383AA5}.Release|Any CPU.Build.0 = Release|Any CPU
		{BDFF005D-26B1-4DBB-8AE1-D5E38DB8D494}.Debug|Any CPU.ActiveCfg = Debug|Any CPU
		{BDFF005D-26B1-4DBB-8AE1-D5E38DB8D494}.Debug|Any CPU.Build.0 = Debug|Any CPU
		{BDFF005D-26B1-4DBB-8AE1-D5E38DB8D494}.Release|Any CPU.ActiveCfg = Release|Any CPU
		{BDFF005D-26B1-4DBB-8AE1-D5E38DB8D494}.Release|Any CPU.Build.0 = Release|Any CPU
	EndGlobalSection
	GlobalSection(SolutionProperties) = preSolution
		HideSolutionNode = FALSE
	EndGlobalSection
	GlobalSection(ExtensibilityGlobals) = postSolution
		SolutionGuid = {9018EF7F-4646-4F8F-87FA-6EF7C2DFB350}
	EndGlobalSection
EndGlobal
